{
  "meteor": {},
  "dependencies": {
    "basePackages": {
      "turkserver": {
        "path": "."
      }
    },
    "packages": {
      "turkserver": {
        "path": "."
      },
      "bootboxjs": {
        "git": "https://github.com/TimHeckel/meteor-bootboxjs.git",
        "tag": "v3.2.2",
        "commit": "580adfebfa12b4d2186a80cec1109dab74ad6228"
      },
      "x-editable-bootstrap": {
        "git": "https://github.com/nate-strauser/meteor-x-editable-bootstrap.git",
        "tag": "v1.4.6.2",
        "commit": "d3fcead1dd2302e30522e8c09d020f9a3d312cd0"
      },
      "iron-router": {
        "git": "https://github.com/EventedMind/iron-router.git",
        "tag": "v0.6.2",
        "commit": "ce56e58b45624dce992490f3a1c10f10d3948bae"
      },
      "collection-hooks": {
        "path": "../meteor-collection-hooks"
      },
      "user-status": {
        "path": "../meteor-user-status"
      }
    }
  }
}
