{
  "meteor": {},
  "dependencies": {
    "basePackages": {
      "turkserver": {
        "path": "."
      }
    },
    "packages": {
      "turkserver": {
        "path": "."
      },
      "accounts-testing": {
        "path": "../meteor-accounts-testing"
      },
      "collection-hooks": {
        "path": "../meteor-collection-hooks"
      },
      "user-status": {
        "path": "../meteor-user-status"
      }
    }
  }
}
